Microsoft Visual Studio Solution File, Format Version 11.00
# Visual Studio 2008

Project("{D2430FA4-6D96-BDEE-5792-9C84D9AFC51B}") = "Descarte_GreyBoxes", "Assembly-CSharp-firstpass.csproj", "{00460B24-2B68-A0C2-2431-E836EFFEECEE}"
EndProject
Project("{D2430FA4-6D96-BDEE-5792-9C84D9AFC51B}") = "Descarte_GreyBoxes", "Assembly-CSharp.csproj", "{878E69B8-3B1C-B0BC-B433-D9B31A5AC620}"
EndProject
Project("{D2430FA4-6D96-BDEE-5792-9C84D9AFC51B}") = "Descarte_GreyBoxes", "Assembly-CSharp-Editor.csproj", "{D637B1D7-D91B-DE0B-77C9-863656C8B706}"
EndProject
Global
	GlobalSection(SolutionConfigurationPlatforms) = preSolution
		Debug|Any CPU = Debug|Any CPU
		Release|Any CPU = Release|Any CPU
	EndGlobalSection
	GlobalSection(ProjectConfigurationPlatforms) = postSolution
		{00460B24-2B68-A0C2-2431-E836EFFEECEE}.Debug|Any CPU.ActiveCfg = Debug|Any CPU
		{00460B24-2B68-A0C2-2431-E836EFFEECEE}.Debug|Any CPU.Build.0 = Debug|Any CPU
		{00460B24-2B68-A0C2-2431-E836EFFEECEE}.Release|Any CPU.ActiveCfg = Release|Any CPU
		{00460B24-2B68-A0C2-2431-E836EFFEECEE}.Release|Any CPU.Build.0 = Release|Any CPU
		{878E69B8-3B1C-B0BC-B433-D9B31A5AC620}.Debug|Any CPU.ActiveCfg = Debug|Any CPU
		{878E69B8-3B1C-B0BC-B433-D9B31A5AC620}.Debug|Any CPU.Build.0 = Debug|Any CPU
		{878E69B8-3B1C-B0BC-B433-D9B31A5AC620}.Release|Any CPU.ActiveCfg = Release|Any CPU
		{878E69B8-3B1C-B0BC-B433-D9B31A5AC620}.Release|Any CPU.Build.0 = Release|Any CPU
		{D637B1D7-D91B-DE0B-77C9-863656C8B706}.Debug|Any CPU.ActiveCfg = Debug|Any CPU
		{D637B1D7-D91B-DE0B-77C9-863656C8B706}.Debug|Any CPU.Build.0 = Debug|Any CPU
		{D637B1D7-D91B-DE0B-77C9-863656C8B706}.Release|Any CPU.ActiveCfg = Release|Any CPU
		{D637B1D7-D91B-DE0B-77C9-863656C8B706}.Release|Any CPU.Build.0 = Release|Any CPU
	EndGlobalSection
	GlobalSection(SolutionProperties) = preSolution
		HideSolutionNode = FALSE
	EndGlobalSection
									GlobalSection(MonoDevelopProperties) = preSolution
		StartupItem = Assembly-CSharp.csproj
		Policies = $0
		$0.TextStylePolicy = $1
		$1.inheritsSet = null
		$1.scope = text/x-csharp
		$0.CSharpFormattingPolicy = $2
		$2.inheritsSet = Mono
		$2.inheritsScope = text/x-csharp
		$2.scope = text/x-csharp
		$0.TextStylePolicy = $3
		$3.FileWidth = 120
		$3.TabWidth = 4
		$3.IndentWidth = 4
		$3.EolMarker = Unix
		$3.inheritsSet = Mono
		$3.inheritsScope = text/plain
		$3.scope = text/plain
	EndGlobalSection

EndGlobal
